<?xml version="1.0" encoding="utf-8"?>
<Project ToolsVersion="4.0" xmlns="http://schemas.microsoft.com/developer/msbuild/2003">
  <ItemGroup>
    <Filter Include="Twilight">
      <UniqueIdentifier>{D1B96AC6-BD86-C5D1-E69F-B379D2CBFA5F}</UniqueIdentifier>
    </Filter>
    <Filter Include="Twilight\Events">
      <UniqueIdentifier>{9510356B-019C-A22F-0AAD-252476B7FE2F}</UniqueIdentifier>
    </Filter>
    <Filter Include="Twilight\Platform">
      <UniqueIdentifier>{4591D928-B1A7-D7BE-FA1E-63E06674A846}</UniqueIdentifier>
    </Filter>
  </ItemGroup>
  <ItemGroup>
    <ClInclude Include="src\Twilight.h" />
    <ClInclude Include="src\Twilight\Application.h">
      <Filter>Twilight</Filter>
    </ClInclude>
    <ClInclude Include="src\Twilight\Core.h">
      <Filter>Twilight</Filter>
    </ClInclude>
    <ClInclude Include="src\Twilight\EntryPoint.h">
      <Filter>Twilight</Filter>
    </ClInclude>
    <ClInclude Include="src\Twilight\Events\ApplicationEvent.h">
      <Filter>Twilight\Events</Filter>
    </ClInclude>
    <ClInclude Include="src\Twilight\Events\Event.h">
      <Filter>Twilight\Events</Filter>
    </ClInclude>
    <ClInclude Include="src\Twilight\Events\KeyEvent.h">
      <Filter>Twilight\Events</Filter>
    </ClInclude>
    <ClInclude Include="src\Twilight\Events\MouseEvent.h">
      <Filter>Twilight\Events</Filter>
    </ClInclude>
    <ClInclude Include="src\Twilight\Log.h">
      <Filter>Twilight</Filter>
    </ClInclude>
    <ClInclude Include="src\Twilight\Platform\WindowsWindow.h">
      <Filter>Twilight\Platform</Filter>
    </ClInclude>
    <ClInclude Include="src\Twilight\Window.h">
      <Filter>Twilight</Filter>
    </ClInclude>
    <ClInclude Include="src\twipch.h" />
  </ItemGroup>
  <ItemGroup>
    <ClCompile Include="src\Twilight\Application.cpp">
      <Filter>Twilight</Filter>
    </ClCompile>
    <ClCompile Include="src\Twilight\Log.cpp">
      <Filter>Twilight</Filter>
    </ClCompile>
    <ClCompile Include="src\Twilight\Platform\WindowsWindow.cpp">
      <Filter>Twilight\Platform</Filter>
    </ClCompile>
    <ClCompile Include="src\twipch.cpp" />
  </ItemGroup>
</Project>